
Microsoft Visual Studio Solution File, Format Version 12.00
# Visual Studio Version 17
VisualStudioVersion = 17.5.002.0
MinimumVisualStudioVersion = 10.0.40219.1
Project("{9A19103F-16F7-4668-BE54-9A1E7A4F7556}") = "OnTolkien", "OnTolkien.csproj", "{955BCCC9-1C30-43CE-9245-46C55FA3F7BE}"
EndProject
Global
	GlobalSection(SolutionConfigurationPlatforms) = preSolution
		Debug|Any CPU = Debug|Any CPU
		Release|Any CPU = Release|Any CPU
	EndGlobalSection
	GlobalSection(ProjectConfigurationPlatforms) = postSolution
		{955BCCC9-1C30-43CE-9245-46C55FA3F7BE}.Debug|Any CPU.ActiveCfg = Debug|Any CPU
		{955BCCC9-1C30-43CE-9245-46C55FA3F7BE}.Debug|Any CPU.Build.0 = Debug|Any CPU
		{955BCCC9-1C30-43CE-9245-46C55FA3F7BE}.Release|Any CPU.ActiveCfg = Release|Any CPU
		{955BCCC9-1C30-43CE-9245-46C55FA3F7BE}.Release|Any CPU.Build.0 = Release|Any CPU
	EndGlobalSection
	GlobalSection(SolutionProperties) = preSolution
		HideSolutionNode = FALSE
	EndGlobalSection
	GlobalSection(ExtensibilityGlobals) = postSolution
		SolutionGuid = {3CB7C15F-8B75-41ED-8E04-48DD4FD8DCBD}
	EndGlobalSection
EndGlobal
